
Microsoft Visual Studio Solution File, Format Version 12.00
# Visual Studio Version 17
VisualStudioVersion = 17.8.34525.116
MinimumVisualStudioVersion = 10.0.40219.1
Project("{FAE04EC0-301F-11D3-BF4B-00C04F79EFBC}") = "Mission5", "Mission5\Mission5.csproj", "{011D3602-9618-42D5-AE9C-9FEA0E4D1D92}"
EndProject
Global
	GlobalSection(SolutionConfigurationPlatforms) = preSolution
		Debug|Any CPU = Debug|Any CPU
		Release|Any CPU = Release|Any CPU
	EndGlobalSection
	GlobalSection(ProjectConfigurationPlatforms) = postSolution
		{011D3602-9618-42D5-AE9C-9FEA0E4D1D92}.Debug|Any CPU.ActiveCfg = Debug|Any CPU
		{011D3602-9618-42D5-AE9C-9FEA0E4D1D92}.Debug|Any CPU.Build.0 = Debug|Any CPU
		{011D3602-9618-42D5-AE9C-9FEA0E4D1D92}.Release|Any CPU.ActiveCfg = Release|Any CPU
		{011D3602-9618-42D5-AE9C-9FEA0E4D1D92}.Release|Any CPU.Build.0 = Release|Any CPU
	EndGlobalSection
	GlobalSection(SolutionProperties) = preSolution
		HideSolutionNode = FALSE
	EndGlobalSection
	GlobalSection(ExtensibilityGlobals) = postSolution
		SolutionGuid = {6444D677-533E-4AF2-850E-8682315F2C9C}
	EndGlobalSection
EndGlobal
